
Microsoft Visual Studio Solution File, Format Version 12.00
# Visual Studio Version 16
VisualStudioVersion = 16.0.30611.23
MinimumVisualStudioVersion = 10.0.40219.1
Project("{FAE04EC0-301F-11D3-BF4B-00C04F79EFBC}") = "Encap1", "Encap1.csproj", "{56050E72-65AF-47E6-B4D2-50472BFC101B}"
EndProject
Global
	GlobalSection(SolutionConfigurationPlatforms) = preSolution
		Debug|Any CPU = Debug|Any CPU
		Release|Any CPU = Release|Any CPU
	EndGlobalSection
	GlobalSection(ProjectConfigurationPlatforms) = postSolution
		{56050E72-65AF-47E6-B4D2-50472BFC101B}.Debug|Any CPU.ActiveCfg = Debug|Any CPU
		{56050E72-65AF-47E6-B4D2-50472BFC101B}.Debug|Any CPU.Build.0 = Debug|Any CPU
		{56050E72-65AF-47E6-B4D2-50472BFC101B}.Release|Any CPU.ActiveCfg = Release|Any CPU
		{56050E72-65AF-47E6-B4D2-50472BFC101B}.Release|Any CPU.Build.0 = Release|Any CPU
	EndGlobalSection
	GlobalSection(SolutionProperties) = preSolution
		HideSolutionNode = FALSE
	EndGlobalSection
	GlobalSection(ExtensibilityGlobals) = postSolution
		SolutionGuid = {BD9443BA-E291-49B1-911B-CBA921B425E3}
	EndGlobalSection
EndGlobal
